
Microsoft Visual Studio Solution File, Format Version 12.00
# Visual Studio Version 16
VisualStudioVersion = 16.0.30503.244
MinimumVisualStudioVersion = 10.0.40219.1
Project("{FAE04EC0-301F-11D3-BF4B-00C04F79EFBC}") = "SpotifyMVC", "SpotifyMVC\SpotifyMVC.csproj", "{21C565DF-0D4A-406A-8C21-535283CDBEF3}"
	ProjectSection(ProjectDependencies) = postProject
		{EBC24F77-9830-4D1E-8B5D-90DB0C7805E4} = {EBC24F77-9830-4D1E-8B5D-90DB0C7805E4}
	EndProjectSection
EndProject
Project("{FAE04EC0-301F-11D3-BF4B-00C04F79EFBC}") = "ServiceProject", "ServiceProject\ServiceProject.csproj", "{EBC24F77-9830-4D1E-8B5D-90DB0C7805E4}"
EndProject
Global
	GlobalSection(SolutionConfigurationPlatforms) = preSolution
		Debug|Any CPU = Debug|Any CPU
		Release|Any CPU = Release|Any CPU
	EndGlobalSection
	GlobalSection(ProjectConfigurationPlatforms) = postSolution
		{21C565DF-0D4A-406A-8C21-535283CDBEF3}.Debug|Any CPU.ActiveCfg = Debug|Any CPU
		{21C565DF-0D4A-406A-8C21-535283CDBEF3}.Debug|Any CPU.Build.0 = Debug|Any CPU
		{21C565DF-0D4A-406A-8C21-535283CDBEF3}.Release|Any CPU.ActiveCfg = Release|Any CPU
		{21C565DF-0D4A-406A-8C21-535283CDBEF3}.Release|Any CPU.Build.0 = Release|Any CPU
		{EBC24F77-9830-4D1E-8B5D-90DB0C7805E4}.Debug|Any CPU.ActiveCfg = Debug|Any CPU
		{EBC24F77-9830-4D1E-8B5D-90DB0C7805E4}.Debug|Any CPU.Build.0 = Debug|Any CPU
		{EBC24F77-9830-4D1E-8B5D-90DB0C7805E4}.Release|Any CPU.ActiveCfg = Release|Any CPU
		{EBC24F77-9830-4D1E-8B5D-90DB0C7805E4}.Release|Any CPU.Build.0 = Release|Any CPU
	EndGlobalSection
	GlobalSection(SolutionProperties) = preSolution
		HideSolutionNode = FALSE
	EndGlobalSection
	GlobalSection(ExtensibilityGlobals) = postSolution
		SolutionGuid = {F82EF59D-FC10-4E3D-9FEB-1E9E3445E098}
	EndGlobalSection
EndGlobal
